
Microsoft Visual Studio Solution File, Format Version 12.00
# Visual Studio Version 16
VisualStudioVersion = 16.0.28803.202
MinimumVisualStudioVersion = 10.0.40219.1
Project("{9092AA53-FB77-4645-B42D-1CCCA6BD08BD}") = "ApiRest", "ApiRest\ApiRest.njsproj", "{2A06AFD9-070E-4C08-8BD8-D1CD7FC1D04F}"
EndProject
Global
	GlobalSection(SolutionConfigurationPlatforms) = preSolution
		Debug|Any CPU = Debug|Any CPU
		Release|Any CPU = Release|Any CPU
	EndGlobalSection
	GlobalSection(ProjectConfigurationPlatforms) = postSolution
		{2A06AFD9-070E-4C08-8BD8-D1CD7FC1D04F}.Debug|Any CPU.ActiveCfg = Debug|Any CPU
		{2A06AFD9-070E-4C08-8BD8-D1CD7FC1D04F}.Debug|Any CPU.Build.0 = Debug|Any CPU
		{2A06AFD9-070E-4C08-8BD8-D1CD7FC1D04F}.Release|Any CPU.ActiveCfg = Release|Any CPU
		{2A06AFD9-070E-4C08-8BD8-D1CD7FC1D04F}.Release|Any CPU.Build.0 = Release|Any CPU
	EndGlobalSection
	GlobalSection(SolutionProperties) = preSolution
		HideSolutionNode = FALSE
	EndGlobalSection
	GlobalSection(ExtensibilityGlobals) = postSolution
		SolutionGuid = {2836BBD5-4FE9-4C6F-B4BB-BBB420039D62}
	EndGlobalSection
EndGlobal
